
Microsoft Visual Studio Solution File, Format Version 12.00
# Visual Studio 14
VisualStudioVersion = 14.0.25420.1
MinimumVisualStudioVersion = 10.0.40219.1
Project("{2150E333-8FDC-42A3-9474-1A3956D46DE8}") = "1-Infrastructure（基础设施层）", "1-Infrastructure（基础设施层）", "{B577888E-22F0-4516-8A06-34AE7B07A188}"
EndProject
Project("{2150E333-8FDC-42A3-9474-1A3956D46DE8}") = "2-Core (数据库核心层)", "2-Core (数据库核心层)", "{FB11BC3C-DB60-4290-9A85-FB38F23F3DE8}"
EndProject
Project("{2150E333-8FDC-42A3-9474-1A3956D46DE8}") = "4-Application (站点应用层)", "4-Application (站点应用层)", "{69CA7C59-61E6-4AF4-BEF2-4AD3A431ECE7}"
EndProject
Project("{2150E333-8FDC-42A3-9474-1A3956D46DE8}") = "5-Presentation (展现层)", "5-Presentation (展现层)", "{BBF997D6-83C0-453D-B5BA-6456FDFC6010}"
EndProject
Project("{2150E333-8FDC-42A3-9474-1A3956D46DE8}") = "6-Api (外部接口层)", "6-Api (外部接口层)", "{2329B356-86D6-4454-9E71-F0F5D7E5E520}"
EndProject
Project("{FAE04EC0-301F-11D3-BF4B-00C04F79EFBC}") = "LYH.Infrastructure.Data", "LYH.Infrastructure.Data\LYH.Infrastructure.Data.csproj", "{8F62A93B-FA79-472F-A9FD-BE9F25A7B040}"
EndProject
Project("{FAE04EC0-301F-11D3-BF4B-00C04F79EFBC}") = "LYH.Database.Core.Data", "LYH.Core.Data\LYH.Database.Core.Data.csproj", "{7122BDDD-1DDE-488C-BC7E-D4E43C67D45D}"
EndProject
Project("{FAE04EC0-301F-11D3-BF4B-00C04F79EFBC}") = "LYH.Database.Core", "LYH.Core\LYH.Database.Core.csproj", "{064A035E-A154-4AE2-8977-80AE43F894CC}"
EndProject
Project("{FAE04EC0-301F-11D3-BF4B-00C04F79EFBC}") = "LYH.Database.Core.Data.Models", "LYH.Core.Data.Models\LYH.Database.Core.Data.Models.csproj", "{9AB2142F-ADE0-406F-8DE7-4B5D4DAF05B5}"
EndProject
Project("{FAE04EC0-301F-11D3-BF4B-00C04F79EFBC}") = "LYH.Application.Core", "LYH.Application.Core\LYH.Application.Core.csproj", "{C5433454-6FDD-4B00-A8DB-913B0D7B08ED}"
EndProject
Project("{FAE04EC0-301F-11D3-BF4B-00C04F79EFBC}") = "LYH.Application.Models", "LYH.Application.Models\LYH.Application.Models.csproj", "{52F83F27-48E0-45A6-9160-F6B98F80C5AF}"
EndProject
Project("{2150E333-8FDC-42A3-9474-1A3956D46DE8}") = "3-Core (业务核心层)", "3-Core (业务核心层)", "{C5FA250C-E054-43AD-A6D0-CA623095C78A}"
EndProject
Project("{FAE04EC0-301F-11D3-BF4B-00C04F79EFBC}") = "LYH.Site.Core", "LYH.Business.Core\LYH.Site.Core.csproj", "{68E51BE3-8ABF-4648-A802-6B0E54793E74}"
EndProject
Project("{FAE04EC0-301F-11D3-BF4B-00C04F79EFBC}") = "LYH.Site.Core.Models", "LYH.Business.Core.Data\LYH.Site.Core.Models.csproj", "{A27E472A-0EDC-4CD0-A85C-DE3E03A4984F}"
EndProject
Project("{FAE04EC0-301F-11D3-BF4B-00C04F79EFBC}") = "LYH.UnitOfWork.Site.Web", "LYH.UnitOfWork.Site.Web\LYH.UnitOfWork.Site.Web.csproj", "{7B23F196-07C9-4EEA-8825-323305724E3D}"
EndProject
Global
	GlobalSection(SolutionConfigurationPlatforms) = preSolution
		Debug|Any CPU = Debug|Any CPU
		Release|Any CPU = Release|Any CPU
	EndGlobalSection
	GlobalSection(ProjectConfigurationPlatforms) = postSolution
		{8F62A93B-FA79-472F-A9FD-BE9F25A7B040}.Debug|Any CPU.ActiveCfg = Debug|Any CPU
		{8F62A93B-FA79-472F-A9FD-BE9F25A7B040}.Debug|Any CPU.Build.0 = Debug|Any CPU
		{8F62A93B-FA79-472F-A9FD-BE9F25A7B040}.Release|Any CPU.ActiveCfg = Release|Any CPU
		{8F62A93B-FA79-472F-A9FD-BE9F25A7B040}.Release|Any CPU.Build.0 = Release|Any CPU
		{7122BDDD-1DDE-488C-BC7E-D4E43C67D45D}.Debug|Any CPU.ActiveCfg = Debug|Any CPU
		{7122BDDD-1DDE-488C-BC7E-D4E43C67D45D}.Debug|Any CPU.Build.0 = Debug|Any CPU
		{7122BDDD-1DDE-488C-BC7E-D4E43C67D45D}.Release|Any CPU.ActiveCfg = Release|Any CPU
		{7122BDDD-1DDE-488C-BC7E-D4E43C67D45D}.Release|Any CPU.Build.0 = Release|Any CPU
		{064A035E-A154-4AE2-8977-80AE43F894CC}.Debug|Any CPU.ActiveCfg = Debug|Any CPU
		{064A035E-A154-4AE2-8977-80AE43F894CC}.Debug|Any CPU.Build.0 = Debug|Any CPU
		{064A035E-A154-4AE2-8977-80AE43F894CC}.Release|Any CPU.ActiveCfg = Release|Any CPU
		{064A035E-A154-4AE2-8977-80AE43F894CC}.Release|Any CPU.Build.0 = Release|Any CPU
		{9AB2142F-ADE0-406F-8DE7-4B5D4DAF05B5}.Debug|Any CPU.ActiveCfg = Debug|Any CPU
		{9AB2142F-ADE0-406F-8DE7-4B5D4DAF05B5}.Debug|Any CPU.Build.0 = Debug|Any CPU
		{9AB2142F-ADE0-406F-8DE7-4B5D4DAF05B5}.Release|Any CPU.ActiveCfg = Release|Any CPU
		{9AB2142F-ADE0-406F-8DE7-4B5D4DAF05B5}.Release|Any CPU.Build.0 = Release|Any CPU
		{C5433454-6FDD-4B00-A8DB-913B0D7B08ED}.Debug|Any CPU.ActiveCfg = Debug|Any CPU
		{C5433454-6FDD-4B00-A8DB-913B0D7B08ED}.Debug|Any CPU.Build.0 = Debug|Any CPU
		{C5433454-6FDD-4B00-A8DB-913B0D7B08ED}.Release|Any CPU.ActiveCfg = Release|Any CPU
		{C5433454-6FDD-4B00-A8DB-913B0D7B08ED}.Release|Any CPU.Build.0 = Release|Any CPU
		{52F83F27-48E0-45A6-9160-F6B98F80C5AF}.Debug|Any CPU.ActiveCfg = Debug|Any CPU
		{52F83F27-48E0-45A6-9160-F6B98F80C5AF}.Debug|Any CPU.Build.0 = Debug|Any CPU
		{52F83F27-48E0-45A6-9160-F6B98F80C5AF}.Release|Any CPU.ActiveCfg = Release|Any CPU
		{52F83F27-48E0-45A6-9160-F6B98F80C5AF}.Release|Any CPU.Build.0 = Release|Any CPU
		{68E51BE3-8ABF-4648-A802-6B0E54793E74}.Debug|Any CPU.ActiveCfg = Debug|Any CPU
		{68E51BE3-8ABF-4648-A802-6B0E54793E74}.Debug|Any CPU.Build.0 = Debug|Any CPU
		{68E51BE3-8ABF-4648-A802-6B0E54793E74}.Release|Any CPU.ActiveCfg = Release|Any CPU
		{68E51BE3-8ABF-4648-A802-6B0E54793E74}.Release|Any CPU.Build.0 = Release|Any CPU
		{A27E472A-0EDC-4CD0-A85C-DE3E03A4984F}.Debug|Any CPU.ActiveCfg = Debug|Any CPU
		{A27E472A-0EDC-4CD0-A85C-DE3E03A4984F}.Debug|Any CPU.Build.0 = Debug|Any CPU
		{A27E472A-0EDC-4CD0-A85C-DE3E03A4984F}.Release|Any CPU.ActiveCfg = Release|Any CPU
		{A27E472A-0EDC-4CD0-A85C-DE3E03A4984F}.Release|Any CPU.Build.0 = Release|Any CPU
		{7B23F196-07C9-4EEA-8825-323305724E3D}.Debug|Any CPU.ActiveCfg = Debug|Any CPU
		{7B23F196-07C9-4EEA-8825-323305724E3D}.Debug|Any CPU.Build.0 = Debug|Any CPU
		{7B23F196-07C9-4EEA-8825-323305724E3D}.Release|Any CPU.ActiveCfg = Release|Any CPU
		{7B23F196-07C9-4EEA-8825-323305724E3D}.Release|Any CPU.Build.0 = Release|Any CPU
	EndGlobalSection
	GlobalSection(SolutionProperties) = preSolution
		HideSolutionNode = FALSE
	EndGlobalSection
	GlobalSection(NestedProjects) = preSolution
		{8F62A93B-FA79-472F-A9FD-BE9F25A7B040} = {B577888E-22F0-4516-8A06-34AE7B07A188}
		{7122BDDD-1DDE-488C-BC7E-D4E43C67D45D} = {FB11BC3C-DB60-4290-9A85-FB38F23F3DE8}
		{064A035E-A154-4AE2-8977-80AE43F894CC} = {FB11BC3C-DB60-4290-9A85-FB38F23F3DE8}
		{9AB2142F-ADE0-406F-8DE7-4B5D4DAF05B5} = {FB11BC3C-DB60-4290-9A85-FB38F23F3DE8}
		{C5433454-6FDD-4B00-A8DB-913B0D7B08ED} = {69CA7C59-61E6-4AF4-BEF2-4AD3A431ECE7}
		{52F83F27-48E0-45A6-9160-F6B98F80C5AF} = {69CA7C59-61E6-4AF4-BEF2-4AD3A431ECE7}
		{68E51BE3-8ABF-4648-A802-6B0E54793E74} = {C5FA250C-E054-43AD-A6D0-CA623095C78A}
		{A27E472A-0EDC-4CD0-A85C-DE3E03A4984F} = {C5FA250C-E054-43AD-A6D0-CA623095C78A}
		{7B23F196-07C9-4EEA-8825-323305724E3D} = {BBF997D6-83C0-453D-B5BA-6456FDFC6010}
	EndGlobalSection
EndGlobal
